
Microsoft Visual Studio Solution File, Format Version 12.00
# Visual Studio Version 16
VisualStudioVersion = 16.0.32126.315
MinimumVisualStudioVersion = 10.0.40219.1
Project("{FAE04EC0-301F-11D3-BF4B-00C04F79EFBC}") = "WindowsFormsApplication1", "WindowsFormsApplication1\WindowsFormsApplication1.csproj", "{96990AC7-D5AF-49FE-A1BA-E5DF9067D53A}"
EndProject
Global
	GlobalSection(SolutionConfigurationPlatforms) = preSolution
		Debug|Any CPU = Debug|Any CPU
		Release|Any CPU = Release|Any CPU
	EndGlobalSection
	GlobalSection(ProjectConfigurationPlatforms) = postSolution
		{96990AC7-D5AF-49FE-A1BA-E5DF9067D53A}.Debug|Any CPU.ActiveCfg = Debug|Any CPU
		{96990AC7-D5AF-49FE-A1BA-E5DF9067D53A}.Debug|Any CPU.Build.0 = Debug|Any CPU
		{96990AC7-D5AF-49FE-A1BA-E5DF9067D53A}.Release|Any CPU.ActiveCfg = Release|Any CPU
		{96990AC7-D5AF-49FE-A1BA-E5DF9067D53A}.Release|Any CPU.Build.0 = Release|Any CPU
	EndGlobalSection
	GlobalSection(SolutionProperties) = preSolution
		HideSolutionNode = FALSE
	EndGlobalSection
	GlobalSection(ExtensibilityGlobals) = postSolution
		SolutionGuid = {46B6D8AA-85A7-45BA-9C38-288C0469E14F}
	EndGlobalSection
EndGlobal
